
Microsoft Visual Studio Solution File, Format Version 12.00
# Visual Studio 15
VisualStudioVersion = 15.0.28010.2016
MinimumVisualStudioVersion = 10.0.40219.1
Project("{FAE04EC0-301F-11D3-BF4B-00C04F79EFBC}") = "projectOne", "projectOne\projectOne.csproj", "{EAA2989D-F260-42A2-B85F-DB8D1F498E4D}"
EndProject
Global
	GlobalSection(SolutionConfigurationPlatforms) = preSolution
		Debug|Any CPU = Debug|Any CPU
		Release|Any CPU = Release|Any CPU
	EndGlobalSection
	GlobalSection(ProjectConfigurationPlatforms) = postSolution
		{EAA2989D-F260-42A2-B85F-DB8D1F498E4D}.Debug|Any CPU.ActiveCfg = Debug|Any CPU
		{EAA2989D-F260-42A2-B85F-DB8D1F498E4D}.Debug|Any CPU.Build.0 = Debug|Any CPU
		{EAA2989D-F260-42A2-B85F-DB8D1F498E4D}.Release|Any CPU.ActiveCfg = Release|Any CPU
		{EAA2989D-F260-42A2-B85F-DB8D1F498E4D}.Release|Any CPU.Build.0 = Release|Any CPU
	EndGlobalSection
	GlobalSection(SolutionProperties) = preSolution
		HideSolutionNode = FALSE
	EndGlobalSection
	GlobalSection(ExtensibilityGlobals) = postSolution
		SolutionGuid = {C24CB6BE-E84C-4B2C-A35A-224B2FF6D572}
	EndGlobalSection
EndGlobal
